{
  "originHash" : "3085e3fd956013efa66f53e1a241be89d9c7e80b529a36c954680a64ca84813a",
  "pins" : [
    {
      "identity" : "helical",
      "kind" : "remoteSourceControl",
      "location" : "https://github.com/tomasf/Helical.git",
      "state" : {
        "revision" : "409d5cbff76a12d579a87a9fa2ea56a4394330f8",
        "version" : "0.1.1"
      }
    },
    {
      "identity" : "keystone",
      "kind" : "remoteSourceControl",
      "location" : "https://github.com/tomasf/Keystone.git",
      "state" : {
        "branch" : "main",
        "revision" : "54fda88a906aceace48dcaa73b80cdac86892fe9"
      }
    },
    {
      "identity" : "swift-collections",
      "kind" : "remoteSourceControl",
      "location" : "https://github.com/apple/swift-collections.git",
      "state" : {
        "revision" : "671108c96644956dddcd89dd59c203dcdb36cec7",
        "version" : "1.1.4"
      }
    },
    {
      "identity" : "swift-log",
      "kind" : "remoteSourceControl",
      "location" : "https://github.com/apple/swift-log.git",
      "state" : {
        "revision" : "9cb486020ebf03bfa5b5df985387a14a98744537",
        "version" : "1.6.1"
      }
    },
    {
      "identity" : "swiftscad",
      "kind" : "remoteSourceControl",
      "location" : "https://github.com/tomasf/SwiftSCAD.git",
      "state" : {
        "revision" : "06d0fa1ee58b340ce288ded167e91dda02e11119",
        "version" : "0.8.1"
      }
    }
  ],
  "version" : 3
}
